{
  "nodes": {
    "home-manager": {
      "inputs": {
        "nixpkgs": [
          "nixpkgs"
        ]
      },
      "locked": {
        "lastModified": 1701676655,
        "narHash": "sha256-wP8i7hO2aLNJhYoTK3kqoymaCLgt4QcwWcO8d/A1CjQ=",
        "owner": "nix-community",
        "repo": "home-manager",
        "rev": "948703f3e71f1332a0cb535ebaf5cb14946e3724",
        "type": "github"
      },
      "original": {
        "owner": "nix-community",
        "repo": "home-manager",
        "type": "github"
      }
    },
    "nixpkgs": {
      "locked": {
        "lastModified": 1701253981,
        "narHash": "sha256-ztaDIyZ7HrTAfEEUt9AtTDNoCYxUdSd6NrRHaYOIxtk=",
        "owner": "nixos",
        "repo": "nixpkgs",
        "rev": "e92039b55bcd58469325ded85d4f58dd5a4eaf58",
        "type": "github"
      },
      "original": {
        "owner": "nixos",
        "ref": "nixos-unstable",
        "repo": "nixpkgs",
        "type": "github"
      }
    },
    "nur": {
      "locked": {
        "lastModified": 1701678046,
        "narHash": "sha256-hR7dL8blCXZIO0JofjUldISlLBRbpaxE5XlBw3D8OGE=",
        "owner": "nix-community",
        "repo": "NUR",
        "rev": "4febf48f684786d9aad785a0e7b0d1b5654761f0",
        "type": "github"
      },
      "original": {
        "owner": "nix-community",
        "repo": "NUR",
        "type": "github"
      }
    },
    "root": {
      "inputs": {
        "home-manager": "home-manager",
        "nixpkgs": "nixpkgs",
        "nur": "nur"
      }
    }
  },
  "root": "root",
  "version": 7
}
